{
  "name": "union",
  "version": "0.1.0",
  "lockfileVersion": 3,
  "requires": true,
  "packages": {
    "": {
      "name": "union",
      "version": "0.1.0",
      "workspaces": [
        "shared",
        "union-core",
        "union-web"
      ],
      "devDependencies": {
        "@types/node": "^22.13.4",
        "typescript": "^5.7.3"
      },
      "engines": {
        "node": ">=24.0.0",
        "npm": ">=10.0.0"
      }
    },
    "node_modules/@types/node": {
      "version": "22.20.1",
      "resolved": "https://registry.npmjs.org/@types/node/-/node-22.20.1.tgz",
      "integrity": "sha512-EANqOCF9QFyra+4pfxUcX9STKJpCLjMbObVzljIJomAWSnuSIEAvyzEU53GaajbXJEgdh0iEcPL+DGvpUd4k1Q==",
      "dev": true,
      "license": "MIT",
      "dependencies": {
        "undici-types": "~6.21.0"
      }
    },
    "node_modules/@union/core": {
      "resolved": "union-core",
      "link": true
    },
    "node_modules/@union/shared": {
      "resolved": "shared",
      "link": true
    },
    "node_modules/@union/web": {
      "resolved": "union-web",
      "link": true
    },
    "node_modules/typescript": {
      "version": "5.9.3",
      "resolved": "https://registry.npmjs.org/typescript/-/typescript-5.9.3.tgz",
      "integrity": "sha512-jl1vZzPDinLr9eUt3J/t7V6FgNEw9QjvBPdysz9KfQDD41fQrC2Y4vKQdiaUpFT4bXlb1RHhLpp8wtm6M5TgSw==",
      "dev": true,
      "license": "Apache-2.0",
      "bin": {
        "tsc": "bin/tsc",
        "tsserver": "bin/tsserver"
      },
      "engines": {
        "node": ">=14.17"
      }
    },
    "node_modules/undici-types": {
      "version": "6.21.0",
      "resolved": "https://registry.npmjs.org/undici-types/-/undici-types-6.21.0.tgz",
      "integrity": "sha512-iwDZqg0QAGrg9Rav5H4n0M64c3mkR59cJ6wQp+7C4nI0gsmExaedaYLNO44eT4AtBBwjbTiGPMlt2Md0T9H9JQ==",
      "dev": true,
      "license": "MIT"
    },
    "shared": {
      "name": "@union/shared",
      "version": "0.1.0"
    },
    "union-core": {
      "name": "@union/core",
      "version": "0.1.0",
      "dependencies": {
        "@union/shared": "*"
      }
    },
    "union-web": {
      "name": "@union/web",
      "version": "0.1.0",
      "dependencies": {
        "@union/shared": "*"
      }
    }
  }
}
